{
    "_readme": [
        "This file locks the dependencies of your project to a known state",
        "Read more about it at https://getcomposer.org/doc/01-basic-usage.md#installing-dependencies",
        "This file is @generated automatically"
    ],
    "content-hash": "102787f3eb5224da411ca992cb3a8fd1",
    "packages": [
        {
            "name": "evt/util",
            "version": "dev-master",
            "source": {
                "type": "git",
                "url": "https://github.com/eturnhout/evt-util.git",
                "reference": "a9cbee3b39e614582d92adb6ca2b2dec7e13169f"
            },
            "dist": {
                "type": "zip",
                "url": "https://api.github.com/repos/eturnhout/evt-util/zipball/a9cbee3b39e614582d92adb6ca2b2dec7e13169f",
                "reference": "a9cbee3b39e614582d92adb6ca2b2dec7e13169f",
                "shasum": ""
            },
            "require-dev": {
                "phpunit/phpunit": "6.1"
            },
            "default-branch": true,
            "type": "library",
            "autoload": {
                "psr-4": {
                    "Evt\\Util\\": "src/"
                }
            },
            "notification-url": "https://packagist.org/downloads/",
            "authors": [
                {
                    "name": "Eelke van Turnhout",
                    "email": "eelketurnhout3@gmail.com"
                }
            ],
            "description": "Some (hopefully) handy code to reuse.",
            "support": {
                "issues": "https://github.com/eturnhout/evt-util/issues",
                "source": "https://github.com/eturnhout/evt-util/tree/master"
            },
            "time": "2018-09-19T20:29:34+00:00"
        }
    ],
    "packages-dev": [],
    "aliases": [],
    "minimum-stability": "stable",
    "stability-flags": {
        "evt/util": 20
    },
    "prefer-stable": false,
    "prefer-lowest": false,
    "platform": {
        "ext-mbstring": "*"
    },
    "platform-dev": [],
    "plugin-api-version": "2.1.0"
}
